// !$*UTF8*$!
{
	archiveVersion = 1;
	classes = {
	};
	objectVersion = 46;
	objects = {

/* Begin PBXBuildFile section */
		D5141608178F29B4003CACE8 /* statusbaricon.png in Resources */ = {isa = PBXBuildFile; fileRef = D5141607178F29B4003CACE8 /* statusbaricon.png */; };
		D5AD049E160F7FD600334DDC /* Cocoa.framework in Frameworks */ = {isa = PBXBuildFile; fileRef = D5AD049D160F7FD600334DDC /* Cocoa.framework */; };
		D5AD04A8160F7FD600334DDC /* InfoPlist.strings in Resources */ = {isa = PBXBuildFile; fileRef = D5AD04A6160F7FD600334DDC /* InfoPlist.strings */; };
		D5AD04AA160F7FD600334DDC /* main.m in Sources */ = {isa = PBXBuildFile; fileRef = D5AD04A9160F7FD600334DDC /* main.m */; };
		D5AD04AE160F7FD600334DDC /* Credits.rtf in Resources */ = {isa = PBXBuildFile; fileRef = D5AD04AC160F7FD600334DDC /* Credits.rtf */; };
		D5AD04B1160F7FD600334DDC /* OZLAppDelegate.m in Sources */ = {isa = PBXBuildFile; fileRef = D5AD04B0160F7FD600334DDC /* OZLAppDelegate.m */; };
		D5AD04B4160F7FD600334DDC /* MainMenu.xib in Resources */ = {isa = PBXBuildFile; fileRef = D5AD04B2160F7FD600334DDC /* MainMenu.xib */; };
		D5C544B81619422100522508 /* AsyncSocket.m in Sources */ = {isa = PBXBuildFile; fileRef = D5C544B51619422100522508 /* AsyncSocket.m */; };
		D5C544B91619422100522508 /* AsyncUdpSocket.m in Sources */ = {isa = PBXBuildFile; fileRef = D5C544B71619422100522508 /* AsyncUdpSocket.m */; };
/* End PBXBuildFile section */

/* Begin PBXFileReference section */
		D5141607178F29B4003CACE8 /* statusbaricon.png */ = {isa = PBXFileReference; lastKnownFileType = image.png; path = statusbaricon.png; sourceTree = "<group>"; };
		D5AD0499160F7FD600334DDC /* TrackPad.app */ = {isa = PBXFileReference; explicitFileType = wrapper.application; includeInIndex = 0; path = TrackPad.app; sourceTree = BUILT_PRODUCTS_DIR; };
		D5AD049D160F7FD600334DDC /* Cocoa.framework */ = {isa = PBXFileReference; lastKnownFileType = wrapper.framework; name = Cocoa.framework; path = System/Library/Frameworks/Cocoa.framework; sourceTree = SDKROOT; };
		D5AD04A0160F7FD600334DDC /* AppKit.framework */ = {isa = PBXFileReference; lastKnownFileType = wrapper.framework; name = AppKit.framework; path = System/Library/Frameworks/AppKit.framework; sourceTree = SDKROOT; };
		D5AD04A1160F7FD600334DDC /* CoreData.framework */ = {isa = PBXFileReference; lastKnownFileType = wrapper.framework; name = CoreData.framework; path = System/Library/Frameworks/CoreData.framework; sourceTree = SDKROOT; };
		D5AD04A2160F7FD600334DDC /* Foundation.framework */ = {isa = PBXFileReference; lastKnownFileType = wrapper.framework; name = Foundation.framework; path = System/Library/Frameworks/Foundation.framework; sourceTree = SDKROOT; };
		D5AD04A5160F7FD600334DDC /* TrackPad-Info.plist */ = {isa = PBXFileReference; lastKnownFileType = text.plist.xml; path = "TrackPad-Info.plist"; sourceTree = "<group>"; };
		D5AD04A7160F7FD600334DDC /* en */ = {isa = PBXFileReference; lastKnownFileType = text.plist.strings; name = en; path = en.lproj/InfoPlist.strings; sourceTree = "<group>"; };
		D5AD04A9160F7FD600334DDC /* main.m */ = {isa = PBXFileReference; lastKnownFileType = sourcecode.c.objc; path = main.m; sourceTree = "<group>"; };
		D5AD04AB160F7FD600334DDC /* TrackPad-Prefix.pch */ = {isa = PBXFileReference; lastKnownFileType = sourcecode.c.h; path = "TrackPad-Prefix.pch"; sourceTree = "<group>"; };
		D5AD04AD160F7FD600334DDC /* en */ = {isa = PBXFileReference; lastKnownFileType = text.rtf; name = en; path = en.lproj/Credits.rtf; sourceTree = "<group>"; };
		D5AD04AF160F7FD600334DDC /* OZLAppDelegate.h */ = {isa = PBXFileReference; lastKnownFileType = sourcecode.c.h; path = OZLAppDelegate.h; sourceTree = "<group>"; };
		D5AD04B0160F7FD600334DDC /* OZLAppDelegate.m */ = {isa = PBXFileReference; lastKnownFileType = sourcecode.c.objc; path = OZLAppDelegate.m; sourceTree = "<group>"; };
		D5AD04B3160F7FD600334DDC /* en */ = {isa = PBXFileReference; lastKnownFileType = file.xib; name = en; path = en.lproj/MainMenu.xib; sourceTree = "<group>"; };
		D5C544B41619422100522508 /* AsyncSocket.h */ = {isa = PBXFileReference; fileEncoding = 4; lastKnownFileType = sourcecode.c.h; path = AsyncSocket.h; sourceTree = "<group>"; };
		D5C544B51619422100522508 /* AsyncSocket.m */ = {isa = PBXFileReference; fileEncoding = 4; lastKnownFileType = sourcecode.c.objc; path = AsyncSocket.m; sourceTree = "<group>"; };
		D5C544B61619422100522508 /* AsyncUdpSocket.h */ = {isa = PBXFileReference; fileEncoding = 4; lastKnownFileType = sourcecode.c.h; path = AsyncUdpSocket.h; sourceTree = "<group>"; };
		D5C544B71619422100522508 /* AsyncUdpSocket.m */ = {isa = PBXFileReference; fileEncoding = 4; lastKnownFileType = sourcecode.c.objc; path = AsyncUdpSocket.m; sourceTree = "<group>"; };
/* End PBXFileReference section */

/* Begin PBXFrameworksBuildPhase section */
		D5AD0496160F7FD600334DDC /* Frameworks */ = {
			isa = PBXFrameworksBuildPhase;
			buildActionMask = 2147483647;
			files = (
				D5AD049E160F7FD600334DDC /* Cocoa.framework in Frameworks */,
			);
			runOnlyForDeploymentPostprocessing = 0;
		};
/* End PBXFrameworksBuildPhase section */

/* Begin PBXGroup section */
		D5AD048E160F7FD600334DDC = {
			isa = PBXGroup;
			children = (
				D5AD04A3160F7FD600334DDC /* TrackPad */,
				D5AD049C160F7FD600334DDC /* Frameworks */,
				D5AD049A160F7FD600334DDC /* Products */,
			);
			sourceTree = "<group>";
		};
		D5AD049A160F7FD600334DDC /* Products */ = {
			isa = PBXGroup;
			children = (
				D5AD0499160F7FD600334DDC /* TrackPad.app */,
			);
			name = Products;
			sourceTree = "<group>";
		};
		D5AD049C160F7FD600334DDC /* Frameworks */ = {
			isa = PBXGroup;
			children = (
				D5AD049D160F7FD600334DDC /* Cocoa.framework */,
				D5AD049F160F7FD600334DDC /* Other Frameworks */,
			);
			name = Frameworks;
			sourceTree = "<group>";
		};
		D5AD049F160F7FD600334DDC /* Other Frameworks */ = {
			isa = PBXGroup;
			children = (
				D5AD04A0160F7FD600334DDC /* AppKit.framework */,
				D5AD04A1160F7FD600334DDC /* CoreData.framework */,
				D5AD04A2160F7FD600334DDC /* Foundation.framework */,
			);
			name = "Other Frameworks";
			sourceTree = "<group>";
		};
		D5AD04A3160F7FD600334DDC /* TrackPad */ = {
			isa = PBXGroup;
			children = (
				D5C544B41619422100522508 /* AsyncSocket.h */,
				D5C544B51619422100522508 /* AsyncSocket.m */,
				D5C544B61619422100522508 /* AsyncUdpSocket.h */,
				D5C544B71619422100522508 /* AsyncUdpSocket.m */,
				D5AD04AF160F7FD600334DDC /* OZLAppDelegate.h */,
				D5AD04B0160F7FD600334DDC /* OZLAppDelegate.m */,
				D5AD04B2160F7FD600334DDC /* MainMenu.xib */,
				D5AD04A4160F7FD600334DDC /* Supporting Files */,
			);
			path = TrackPad;
			sourceTree = "<group>";
		};
		D5AD04A4160F7FD600334DDC /* Supporting Files */ = {
			isa = PBXGroup;
			children = (
				D5141607178F29B4003CACE8 /* statusbaricon.png */,
				D5AD04A5160F7FD600334DDC /* TrackPad-Info.plist */,
				D5AD04A6160F7FD600334DDC /* InfoPlist.strings */,
				D5AD04A9160F7FD600334DDC /* main.m */,
				D5AD04AB160F7FD600334DDC /* TrackPad-Prefix.pch */,
				D5AD04AC160F7FD600334DDC /* Credits.rtf */,
			);
			name = "Supporting Files";
			sourceTree = "<group>";
		};
/* End PBXGroup section */

/* Begin PBXNativeTarget section */
		D5AD0498160F7FD600334DDC /* TrackPad */ = {
			isa = PBXNativeTarget;
			buildConfigurationList = D5AD04B7160F7FD600334DDC /* Build configuration list for PBXNativeTarget "TrackPad" */;
			buildPhases = (
				D5AD0495160F7FD600334DDC /* Sources */,
				D5AD0496160F7FD600334DDC /* Frameworks */,
				D5AD0497160F7FD600334DDC /* Resources */,
			);
			buildRules = (
			);
			dependencies = (
			);
			name = TrackPad;
			productName = TrackPad;
			productReference = D5AD0499160F7FD600334DDC /* TrackPad.app */;
			productType = "com.apple.product-type.application";
		};
/* End PBXNativeTarget section */

/* Begin PBXProject section */
		D5AD0490160F7FD600334DDC /* Project object */ = {
			isa = PBXProject;
			attributes = {
				CLASSPREFIX = OZL;
				LastUpgradeCheck = 0440;
				ORGANIZATIONNAME = "Lee Zhijie";
			};
			buildConfigurationList = D5AD0493160F7FD600334DDC /* Build configuration list for PBXProject "TrackPad" */;
			compatibilityVersion = "Xcode 3.2";
			developmentRegion = English;
			hasScannedForEncodings = 0;
			knownRegions = (
				en,
			);
			mainGroup = D5AD048E160F7FD600334DDC;
			productRefGroup = D5AD049A160F7FD600334DDC /* Products */;
			projectDirPath = "";
			projectRoot = "";
			targets = (
				D5AD0498160F7FD600334DDC /* TrackPad */,
			);
		};
/* End PBXProject section */

/* Begin PBXResourcesBuildPhase section */
		D5AD0497160F7FD600334DDC /* Resources */ = {
			isa = PBXResourcesBuildPhase;
			buildActionMask = 2147483647;
			files = (
				D5AD04A8160F7FD600334DDC /* InfoPlist.strings in Resources */,
				D5AD04AE160F7FD600334DDC /* Credits.rtf in Resources */,
				D5AD04B4160F7FD600334DDC /* MainMenu.xib in Resources */,
				D5141608178F29B4003CACE8 /* statusbaricon.png in Resources */,
			);
			runOnlyForDeploymentPostprocessing = 0;
		};
/* End PBXResourcesBuildPhase section */

/* Begin PBXSourcesBuildPhase section */
		D5AD0495160F7FD600334DDC /* Sources */ = {
			isa = PBXSourcesBuildPhase;
			buildActionMask = 2147483647;
			files = (
				D5AD04AA160F7FD600334DDC /* main.m in Sources */,
				D5AD04B1160F7FD600334DDC /* OZLAppDelegate.m in Sources */,
				D5C544B81619422100522508 /* AsyncSocket.m in Sources */,
				D5C544B91619422100522508 /* AsyncUdpSocket.m in Sources */,
			);
			runOnlyForDeploymentPostprocessing = 0;
		};
/* End PBXSourcesBuildPhase section */

/* Begin PBXVariantGroup section */
		D5AD04A6160F7FD600334DDC /* InfoPlist.strings */ = {
			isa = PBXVariantGroup;
			children = (
				D5AD04A7160F7FD600334DDC /* en */,
			);
			name = InfoPlist.strings;
			sourceTree = "<group>";
		};
		D5AD04AC160F7FD600334DDC /* Credits.rtf */ = {
			isa = PBXVariantGroup;
			children = (
				D5AD04AD160F7FD600334DDC /* en */,
			);
			name = Credits.rtf;
			sourceTree = "<group>";
		};
		D5AD04B2160F7FD600334DDC /* MainMenu.xib */ = {
			isa = PBXVariantGroup;
			children = (
				D5AD04B3160F7FD600334DDC /* en */,
			);
			name = MainMenu.xib;
			sourceTree = "<group>";
		};
/* End PBXVariantGroup section */

/* Begin XCBuildConfiguration section */
		D5AD04B5160F7FD600334DDC /* Debug */ = {
			isa = XCBuildConfiguration;
			buildSettings = {
				ALWAYS_SEARCH_USER_PATHS = NO;
				ARCHS = "$(ARCHS_STANDARD_64_BIT)";
				CLANG_CXX_LANGUAGE_STANDARD = "gnu++0x";
				CLANG_ENABLE_OBJC_ARC = YES;
				CLANG_WARN__DUPLICATE_METHOD_MATCH = YES;
				COPY_PHASE_STRIP = NO;
				GCC_C_LANGUAGE_STANDARD = gnu99;
				GCC_DYNAMIC_NO_PIC = NO;
				GCC_ENABLE_OBJC_EXCEPTIONS = YES;
				GCC_OPTIMIZATION_LEVEL = 0;
				GCC_PREPROCESSOR_DEFINITIONS = (
					"DEBUG=1",
					"$(inherited)",
				);
				GCC_SYMBOLS_PRIVATE_EXTERN = NO;
				GCC_WARN_64_TO_32_BIT_CONVERSION = YES;
				GCC_WARN_ABOUT_RETURN_TYPE = YES;
				GCC_WARN_UNINITIALIZED_AUTOS = YES;
				GCC_WARN_UNUSED_VARIABLE = YES;
				MACOSX_DEPLOYMENT_TARGET = 10.8;
				ONLY_ACTIVE_ARCH = YES;
				SDKROOT = macosx;
			};
			name = Debug;
		};
		D5AD04B6160F7FD600334DDC /* Release */ = {
			isa = XCBuildConfiguration;
			buildSettings = {
				ALWAYS_SEARCH_USER_PATHS = NO;
				ARCHS = "$(ARCHS_STANDARD_64_BIT)";
				CLANG_CXX_LANGUAGE_STANDARD = "gnu++0x";
				CLANG_ENABLE_OBJC_ARC = YES;
				CLANG_WARN__DUPLICATE_METHOD_MATCH = YES;
				COPY_PHASE_STRIP = YES;
				DEBUG_INFORMATION_FORMAT = "dwarf-with-dsym";
				GCC_C_LANGUAGE_STANDARD = gnu99;
				GCC_ENABLE_OBJC_EXCEPTIONS = YES;
				GCC_WARN_64_TO_32_BIT_CONVERSION = YES;
				GCC_WARN_ABOUT_RETURN_TYPE = YES;
				GCC_WARN_UNINITIALIZED_AUTOS = YES;
				GCC_WARN_UNUSED_VARIABLE = YES;
				MACOSX_DEPLOYMENT_TARGET = 10.8;
				SDKROOT = macosx;
			};
			name = Release;
		};
		D5AD04B8160F7FD600334DDC /* Debug */ = {
			isa = XCBuildConfiguration;
			buildSettings = {
				COMBINE_HIDPI_IMAGES = YES;
				GCC_PRECOMPILE_PREFIX_HEADER = YES;
				GCC_PREFIX_HEADER = "TrackPad/TrackPad-Prefix.pch";
				INFOPLIST_FILE = "TrackPad/TrackPad-Info.plist";
				MACOSX_DEPLOYMENT_TARGET = 10.7;
				PRODUCT_NAME = "$(TARGET_NAME)";
				WRAPPER_EXTENSION = app;
			};
			name = Debug;
		};
		D5AD04B9160F7FD600334DDC /* Release */ = {
			isa = XCBuildConfiguration;
			buildSettings = {
				COMBINE_HIDPI_IMAGES = YES;
				GCC_PRECOMPILE_PREFIX_HEADER = YES;
				GCC_PREFIX_HEADER = "TrackPad/TrackPad-Prefix.pch";
				INFOPLIST_FILE = "TrackPad/TrackPad-Info.plist";
				MACOSX_DEPLOYMENT_TARGET = 10.7;
				PRODUCT_NAME = "$(TARGET_NAME)";
				WRAPPER_EXTENSION = app;
			};
			name = Release;
		};
/* End XCBuildConfiguration section */

/* Begin XCConfigurationList section */
		D5AD0493160F7FD600334DDC /* Build configuration list for PBXProject "TrackPad" */ = {
			isa = XCConfigurationList;
			buildConfigurations = (
				D5AD04B5160F7FD600334DDC /* Debug */,
				D5AD04B6160F7FD600334DDC /* Release */,
			);
			defaultConfigurationIsVisible = 0;
			defaultConfigurationName = Release;
		};
		D5AD04B7160F7FD600334DDC /* Build configuration list for PBXNativeTarget "TrackPad" */ = {
			isa = XCConfigurationList;
			buildConfigurations = (
				D5AD04B8160F7FD600334DDC /* Debug */,
				D5AD04B9160F7FD600334DDC /* Release */,
			);
			defaultConfigurationIsVisible = 0;
			defaultConfigurationName = Release;
		};
/* End XCConfigurationList section */
	};
	rootObject = D5AD0490160F7FD600334DDC /* Project object */;
}
